
Microsoft Visual Studio Solution File, Format Version 12.00
# Visual Studio 15
VisualStudioVersion = 15.0.28307.421
MinimumVisualStudioVersion = 10.0.40219.1
Project("{FAE04EC0-301F-11D3-BF4B-00C04F79EFBC}") = "zbW.ProjNuGet", "zbW.ProjNuGet\zbW.ProjNuGet.csproj", "{2D0A180F-278F-4E2C-AA80-5CF820FF2476}"
EndProject
Project("{FAE04EC0-301F-11D3-BF4B-00C04F79EFBC}") = "zbW.ProjNuGetTest", "zbW.ProjNuGetTest\zbW.ProjNuGetTest.csproj", "{D8734956-AA53-4D4A-A1E5-E770045E7D8C}"
EndProject
Global
	GlobalSection(SolutionConfigurationPlatforms) = preSolution
		Debug|Any CPU = Debug|Any CPU
		Release|Any CPU = Release|Any CPU
	EndGlobalSection
	GlobalSection(ProjectConfigurationPlatforms) = postSolution
		{2D0A180F-278F-4E2C-AA80-5CF820FF2476}.Debug|Any CPU.ActiveCfg = Debug|Any CPU
		{2D0A180F-278F-4E2C-AA80-5CF820FF2476}.Debug|Any CPU.Build.0 = Debug|Any CPU
		{2D0A180F-278F-4E2C-AA80-5CF820FF2476}.Release|Any CPU.ActiveCfg = Release|Any CPU
		{2D0A180F-278F-4E2C-AA80-5CF820FF2476}.Release|Any CPU.Build.0 = Release|Any CPU
		{D8734956-AA53-4D4A-A1E5-E770045E7D8C}.Debug|Any CPU.ActiveCfg = Debug|Any CPU
		{D8734956-AA53-4D4A-A1E5-E770045E7D8C}.Debug|Any CPU.Build.0 = Debug|Any CPU
		{D8734956-AA53-4D4A-A1E5-E770045E7D8C}.Release|Any CPU.ActiveCfg = Release|Any CPU
		{D8734956-AA53-4D4A-A1E5-E770045E7D8C}.Release|Any CPU.Build.0 = Release|Any CPU
	EndGlobalSection
	GlobalSection(SolutionProperties) = preSolution
		HideSolutionNode = FALSE
	EndGlobalSection
	GlobalSection(ExtensibilityGlobals) = postSolution
		SolutionGuid = {A7D104E1-0793-4EB5-9CC1-361B7E6816EB}
	EndGlobalSection
EndGlobal
